// !$*UTF8*$!
{
	archiveVersion = 1;
	classes = {
	};
	objectVersion = 50;
	objects = {

/* Begin PBXBuildFile section */
		278F66A8237DBEB8009D9F02 /* AppDelegate.swift in Sources */ = {isa = PBXBuildFile; fileRef = 278F66A7237DBEB8009D9F02 /* AppDelegate.swift */; };
		278F66AC237DBEB8009D9F02 /* ViewController.swift in Sources */ = {isa = PBXBuildFile; fileRef = 278F66AB237DBEB8009D9F02 /* ViewController.swift */; };
		278F66AF237DBEB8009D9F02 /* Main.storyboard in Resources */ = {isa = PBXBuildFile; fileRef = 278F66AD237DBEB8009D9F02 /* Main.storyboard */; };
		278F66B1237DBEB9009D9F02 /* Assets.xcassets in Resources */ = {isa = PBXBuildFile; fileRef = 278F66B0237DBEB9009D9F02 /* Assets.xcassets */; };
		278F66B4237DBEB9009D9F02 /* LaunchScreen.storyboard in Resources */ = {isa = PBXBuildFile; fileRef = 278F66B2237DBEB9009D9F02 /* LaunchScreen.storyboard */; };
		278F66BC237DC042009D9F02 /* TestViewController.swift in Sources */ = {isa = PBXBuildFile; fileRef = 278F66BB237DC042009D9F02 /* TestViewController.swift */; };
		278F66C2237DC28C009D9F02 /* FloatWindow.swift in Sources */ = {isa = PBXBuildFile; fileRef = 278F66BE237DC28C009D9F02 /* FloatWindow.swift */; };
		278F66C3237DC28C009D9F02 /* FloatCollectView.swift in Sources */ = {isa = PBXBuildFile; fileRef = 278F66BF237DC28C009D9F02 /* FloatCollectView.swift */; };
		278F66C4237DC28C009D9F02 /* FloatRoundEntryAnimator.swift in Sources */ = {isa = PBXBuildFile; fileRef = 278F66C0237DC28C009D9F02 /* FloatRoundEntryAnimator.swift */; };
		278F66C5237DC28C009D9F02 /* FloatRoundEntryView.swift in Sources */ = {isa = PBXBuildFile; fileRef = 278F66C1237DC28C009D9F02 /* FloatRoundEntryView.swift */; };
/* End PBXBuildFile section */

/* Begin PBXFileReference section */
		278F66A4237DBEB8009D9F02 /* FloatWindowDemo.app */ = {isa = PBXFileReference; explicitFileType = wrapper.application; includeInIndex = 0; path = FloatWindowDemo.app; sourceTree = BUILT_PRODUCTS_DIR; };
		278F66A7237DBEB8009D9F02 /* AppDelegate.swift */ = {isa = PBXFileReference; lastKnownFileType = sourcecode.swift; path = AppDelegate.swift; sourceTree = "<group>"; };
		278F66AB237DBEB8009D9F02 /* ViewController.swift */ = {isa = PBXFileReference; lastKnownFileType = sourcecode.swift; path = ViewController.swift; sourceTree = "<group>"; };
		278F66AE237DBEB8009D9F02 /* Base */ = {isa = PBXFileReference; lastKnownFileType = file.storyboard; name = Base; path = Base.lproj/Main.storyboard; sourceTree = "<group>"; };
		278F66B0237DBEB9009D9F02 /* Assets.xcassets */ = {isa = PBXFileReference; lastKnownFileType = folder.assetcatalog; path = Assets.xcassets; sourceTree = "<group>"; };
		278F66B3237DBEB9009D9F02 /* Base */ = {isa = PBXFileReference; lastKnownFileType = file.storyboard; name = Base; path = Base.lproj/LaunchScreen.storyboard; sourceTree = "<group>"; };
		278F66B5237DBEB9009D9F02 /* Info.plist */ = {isa = PBXFileReference; lastKnownFileType = text.plist.xml; path = Info.plist; sourceTree = "<group>"; };
		278F66BB237DC042009D9F02 /* TestViewController.swift */ = {isa = PBXFileReference; lastKnownFileType = sourcecode.swift; path = TestViewController.swift; sourceTree = "<group>"; };
		278F66BE237DC28C009D9F02 /* FloatWindow.swift */ = {isa = PBXFileReference; fileEncoding = 4; lastKnownFileType = sourcecode.swift; path = FloatWindow.swift; sourceTree = "<group>"; };
		278F66BF237DC28C009D9F02 /* FloatCollectView.swift */ = {isa = PBXFileReference; fileEncoding = 4; lastKnownFileType = sourcecode.swift; path = FloatCollectView.swift; sourceTree = "<group>"; };
		278F66C0237DC28C009D9F02 /* FloatRoundEntryAnimator.swift */ = {isa = PBXFileReference; fileEncoding = 4; lastKnownFileType = sourcecode.swift; path = FloatRoundEntryAnimator.swift; sourceTree = "<group>"; };
		278F66C1237DC28C009D9F02 /* FloatRoundEntryView.swift */ = {isa = PBXFileReference; fileEncoding = 4; lastKnownFileType = sourcecode.swift; path = FloatRoundEntryView.swift; sourceTree = "<group>"; };
/* End PBXFileReference section */

/* Begin PBXFrameworksBuildPhase section */
		278F66A1237DBEB8009D9F02 /* Frameworks */ = {
			isa = PBXFrameworksBuildPhase;
			buildActionMask = 2147483647;
			files = (
			);
			runOnlyForDeploymentPostprocessing = 0;
		};
/* End PBXFrameworksBuildPhase section */

/* Begin PBXGroup section */
		278F669B237DBEB8009D9F02 = {
			isa = PBXGroup;
			children = (
				278F66BD237DC182009D9F02 /* Source */,
				278F66A6237DBEB8009D9F02 /* FloatWindowDemo */,
				278F66A5237DBEB8009D9F02 /* Products */,
			);
			sourceTree = "<group>";
		};
		278F66A5237DBEB8009D9F02 /* Products */ = {
			isa = PBXGroup;
			children = (
				278F66A4237DBEB8009D9F02 /* FloatWindowDemo.app */,
			);
			name = Products;
			sourceTree = "<group>";
		};
		278F66A6237DBEB8009D9F02 /* FloatWindowDemo */ = {
			isa = PBXGroup;
			children = (
				278F66A7237DBEB8009D9F02 /* AppDelegate.swift */,
				278F66AB237DBEB8009D9F02 /* ViewController.swift */,
				278F66AD237DBEB8009D9F02 /* Main.storyboard */,
				278F66BB237DC042009D9F02 /* TestViewController.swift */,
				278F66B0237DBEB9009D9F02 /* Assets.xcassets */,
				278F66B2237DBEB9009D9F02 /* LaunchScreen.storyboard */,
				278F66B5237DBEB9009D9F02 /* Info.plist */,
			);
			path = FloatWindowDemo;
			sourceTree = "<group>";
		};
		278F66BD237DC182009D9F02 /* Source */ = {
			isa = PBXGroup;
			children = (
				278F66BE237DC28C009D9F02 /* FloatWindow.swift */,
				278F66C1237DC28C009D9F02 /* FloatRoundEntryView.swift */,
				278F66BF237DC28C009D9F02 /* FloatCollectView.swift */,
				278F66C0237DC28C009D9F02 /* FloatRoundEntryAnimator.swift */,
			);
			path = Source;
			sourceTree = "<group>";
		};
/* End PBXGroup section */

/* Begin PBXNativeTarget section */
		278F66A3237DBEB8009D9F02 /* FloatWindowDemo */ = {
			isa = PBXNativeTarget;
			buildConfigurationList = 278F66B8237DBEB9009D9F02 /* Build configuration list for PBXNativeTarget "FloatWindowDemo" */;
			buildPhases = (
				278F66A0237DBEB8009D9F02 /* Sources */,
				278F66A1237DBEB8009D9F02 /* Frameworks */,
				278F66A2237DBEB8009D9F02 /* Resources */,
			);
			buildRules = (
			);
			dependencies = (
			);
			name = FloatWindowDemo;
			productName = FloatWindowDemo;
			productReference = 278F66A4237DBEB8009D9F02 /* FloatWindowDemo.app */;
			productType = "com.apple.product-type.application";
		};
/* End PBXNativeTarget section */

/* Begin PBXProject section */
		278F669C237DBEB8009D9F02 /* Project object */ = {
			isa = PBXProject;
			attributes = {
				LastSwiftUpdateCheck = 1120;
				LastUpgradeCheck = 1120;
				ORGANIZATIONNAME = janlionly;
				TargetAttributes = {
					278F66A3237DBEB8009D9F02 = {
						CreatedOnToolsVersion = 11.2.1;
					};
				};
			};
			buildConfigurationList = 278F669F237DBEB8009D9F02 /* Build configuration list for PBXProject "FloatWindowDemo" */;
			compatibilityVersion = "Xcode 9.3";
			developmentRegion = en;
			hasScannedForEncodings = 0;
			knownRegions = (
				en,
				Base,
			);
			mainGroup = 278F669B237DBEB8009D9F02;
			productRefGroup = 278F66A5237DBEB8009D9F02 /* Products */;
			projectDirPath = "";
			projectRoot = "";
			targets = (
				278F66A3237DBEB8009D9F02 /* FloatWindowDemo */,
			);
		};
/* End PBXProject section */

/* Begin PBXResourcesBuildPhase section */
		278F66A2237DBEB8009D9F02 /* Resources */ = {
			isa = PBXResourcesBuildPhase;
			buildActionMask = 2147483647;
			files = (
				278F66B4237DBEB9009D9F02 /* LaunchScreen.storyboard in Resources */,
				278F66B1237DBEB9009D9F02 /* Assets.xcassets in Resources */,
				278F66AF237DBEB8009D9F02 /* Main.storyboard in Resources */,
			);
			runOnlyForDeploymentPostprocessing = 0;
		};
/* End PBXResourcesBuildPhase section */

/* Begin PBXSourcesBuildPhase section */
		278F66A0237DBEB8009D9F02 /* Sources */ = {
			isa = PBXSourcesBuildPhase;
			buildActionMask = 2147483647;
			files = (
				278F66C3237DC28C009D9F02 /* FloatCollectView.swift in Sources */,
				278F66C4237DC28C009D9F02 /* FloatRoundEntryAnimator.swift in Sources */,
				278F66AC237DBEB8009D9F02 /* ViewController.swift in Sources */,
				278F66BC237DC042009D9F02 /* TestViewController.swift in Sources */,
				278F66C2237DC28C009D9F02 /* FloatWindow.swift in Sources */,
				278F66A8237DBEB8009D9F02 /* AppDelegate.swift in Sources */,
				278F66C5237DC28C009D9F02 /* FloatRoundEntryView.swift in Sources */,
			);
			runOnlyForDeploymentPostprocessing = 0;
		};
/* End PBXSourcesBuildPhase section */

/* Begin PBXVariantGroup section */
		278F66AD237DBEB8009D9F02 /* Main.storyboard */ = {
			isa = PBXVariantGroup;
			children = (
				278F66AE237DBEB8009D9F02 /* Base */,
			);
			name = Main.storyboard;
			sourceTree = "<group>";
		};
		278F66B2237DBEB9009D9F02 /* LaunchScreen.storyboard */ = {
			isa = PBXVariantGroup;
			children = (
				278F66B3237DBEB9009D9F02 /* Base */,
			);
			name = LaunchScreen.storyboard;
			sourceTree = "<group>";
		};
/* End PBXVariantGroup section */

/* Begin XCBuildConfiguration section */
		278F66B6237DBEB9009D9F02 /* Debug */ = {
			isa = XCBuildConfiguration;
			buildSettings = {
				ALWAYS_SEARCH_USER_PATHS = NO;
				CLANG_ANALYZER_NONNULL = YES;
				CLANG_ANALYZER_NUMBER_OBJECT_CONVERSION = YES_AGGRESSIVE;
				CLANG_CXX_LANGUAGE_STANDARD = "gnu++14";
				CLANG_CXX_LIBRARY = "libc++";
				CLANG_ENABLE_MODULES = YES;
				CLANG_ENABLE_OBJC_ARC = YES;
				CLANG_ENABLE_OBJC_WEAK = YES;
				CLANG_WARN_BLOCK_CAPTURE_AUTORELEASING = YES;
				CLANG_WARN_BOOL_CONVERSION = YES;
				CLANG_WARN_COMMA = YES;
				CLANG_WARN_CONSTANT_CONVERSION = YES;
				CLANG_WARN_DEPRECATED_OBJC_IMPLEMENTATIONS = YES;
				CLANG_WARN_DIRECT_OBJC_ISA_USAGE = YES_ERROR;
				CLANG_WARN_DOCUMENTATION_COMMENTS = YES;
				CLANG_WARN_EMPTY_BODY = YES;
				CLANG_WARN_ENUM_CONVERSION = YES;
				CLANG_WARN_INFINITE_RECURSION = YES;
				CLANG_WARN_INT_CONVERSION = YES;
				CLANG_WARN_NON_LITERAL_NULL_CONVERSION = YES;
				CLANG_WARN_OBJC_IMPLICIT_RETAIN_SELF = YES;
				CLANG_WARN_OBJC_LITERAL_CONVERSION = YES;
				CLANG_WARN_OBJC_ROOT_CLASS = YES_ERROR;
				CLANG_WARN_RANGE_LOOP_ANALYSIS = YES;
				CLANG_WARN_STRICT_PROTOTYPES = YES;
				CLANG_WARN_SUSPICIOUS_MOVE = YES;
				CLANG_WARN_UNGUARDED_AVAILABILITY = YES_AGGRESSIVE;
				CLANG_WARN_UNREACHABLE_CODE = YES;
				CLANG_WARN__DUPLICATE_METHOD_MATCH = YES;
				COPY_PHASE_STRIP = NO;
				DEBUG_INFORMATION_FORMAT = dwarf;
				ENABLE_STRICT_OBJC_MSGSEND = YES;
				ENABLE_TESTABILITY = YES;
				GCC_C_LANGUAGE_STANDARD = gnu11;
				GCC_DYNAMIC_NO_PIC = NO;
				GCC_NO_COMMON_BLOCKS = YES;
				GCC_OPTIMIZATION_LEVEL = 0;
				GCC_PREPROCESSOR_DEFINITIONS = (
					"DEBUG=1",
					"$(inherited)",
				);
				GCC_WARN_64_TO_32_BIT_CONVERSION = YES;
				GCC_WARN_ABOUT_RETURN_TYPE = YES_ERROR;
				GCC_WARN_UNDECLARED_SELECTOR = YES;
				GCC_WARN_UNINITIALIZED_AUTOS = YES_AGGRESSIVE;
				GCC_WARN_UNUSED_FUNCTION = YES;
				GCC_WARN_UNUSED_VARIABLE = YES;
				IPHONEOS_DEPLOYMENT_TARGET = 13.2;
				MTL_ENABLE_DEBUG_INFO = INCLUDE_SOURCE;
				MTL_FAST_MATH = YES;
				ONLY_ACTIVE_ARCH = YES;
				SDKROOT = iphoneos;
				SWIFT_ACTIVE_COMPILATION_CONDITIONS = DEBUG;
				SWIFT_OPTIMIZATION_LEVEL = "-Onone";
			};
			name = Debug;
		};
		278F66B7237DBEB9009D9F02 /* Release */ = {
			isa = XCBuildConfiguration;
			buildSettings = {
				ALWAYS_SEARCH_USER_PATHS = NO;
				CLANG_ANALYZER_NONNULL = YES;
				CLANG_ANALYZER_NUMBER_OBJECT_CONVERSION = YES_AGGRESSIVE;
				CLANG_CXX_LANGUAGE_STANDARD = "gnu++14";
				CLANG_CXX_LIBRARY = "libc++";
				CLANG_ENABLE_MODULES = YES;
				CLANG_ENABLE_OBJC_ARC = YES;
				CLANG_ENABLE_OBJC_WEAK = YES;
				CLANG_WARN_BLOCK_CAPTURE_AUTORELEASING = YES;
				CLANG_WARN_BOOL_CONVERSION = YES;
				CLANG_WARN_COMMA = YES;
				CLANG_WARN_CONSTANT_CONVERSION = YES;
				CLANG_WARN_DEPRECATED_OBJC_IMPLEMENTATIONS = YES;
				CLANG_WARN_DIRECT_OBJC_ISA_USAGE = YES_ERROR;
				CLANG_WARN_DOCUMENTATION_COMMENTS = YES;
				CLANG_WARN_EMPTY_BODY = YES;
				CLANG_WARN_ENUM_CONVERSION = YES;
				CLANG_WARN_INFINITE_RECURSION = YES;
				CLANG_WARN_INT_CONVERSION = YES;
				CLANG_WARN_NON_LITERAL_NULL_CONVERSION = YES;
				CLANG_WARN_OBJC_IMPLICIT_RETAIN_SELF = YES;
				CLANG_WARN_OBJC_LITERAL_CONVERSION = YES;
				CLANG_WARN_OBJC_ROOT_CLASS = YES_ERROR;
				CLANG_WARN_RANGE_LOOP_ANALYSIS = YES;
				CLANG_WARN_STRICT_PROTOTYPES = YES;
				CLANG_WARN_SUSPICIOUS_MOVE = YES;
				CLANG_WARN_UNGUARDED_AVAILABILITY = YES_AGGRESSIVE;
				CLANG_WARN_UNREACHABLE_CODE = YES;
				CLANG_WARN__DUPLICATE_METHOD_MATCH = YES;
				COPY_PHASE_STRIP = NO;
				DEBUG_INFORMATION_FORMAT = "dwarf-with-dsym";
				ENABLE_NS_ASSERTIONS = NO;
				ENABLE_STRICT_OBJC_MSGSEND = YES;
				GCC_C_LANGUAGE_STANDARD = gnu11;
				GCC_NO_COMMON_BLOCKS = YES;
				GCC_WARN_64_TO_32_BIT_CONVERSION = YES;
				GCC_WARN_ABOUT_RETURN_TYPE = YES_ERROR;
				GCC_WARN_UNDECLARED_SELECTOR = YES;
				GCC_WARN_UNINITIALIZED_AUTOS = YES_AGGRESSIVE;
				GCC_WARN_UNUSED_FUNCTION = YES;
				GCC_WARN_UNUSED_VARIABLE = YES;
				IPHONEOS_DEPLOYMENT_TARGET = 13.2;
				MTL_ENABLE_DEBUG_INFO = NO;
				MTL_FAST_MATH = YES;
				SDKROOT = iphoneos;
				SWIFT_COMPILATION_MODE = wholemodule;
				SWIFT_OPTIMIZATION_LEVEL = "-O";
				VALIDATE_PRODUCT = YES;
			};
			name = Release;
		};
		278F66B9237DBEB9009D9F02 /* Debug */ = {
			isa = XCBuildConfiguration;
			buildSettings = {
				ASSETCATALOG_COMPILER_APPICON_NAME = AppIcon;
				CODE_SIGN_STYLE = Automatic;
				DEVELOPMENT_TEAM = A73XC757VV;
				INFOPLIST_FILE = FloatWindowDemo/Info.plist;
				IPHONEOS_DEPLOYMENT_TARGET = 9.0;
				LD_RUNPATH_SEARCH_PATHS = (
					"$(inherited)",
					"@executable_path/Frameworks",
				);
				PRODUCT_BUNDLE_IDENTIFIER = com.janlion.FloatWindowDemo;
				PRODUCT_NAME = "$(TARGET_NAME)";
				SWIFT_VERSION = 5.0;
				TARGETED_DEVICE_FAMILY = 1;
			};
			name = Debug;
		};
		278F66BA237DBEB9009D9F02 /* Release */ = {
			isa = XCBuildConfiguration;
			buildSettings = {
				ASSETCATALOG_COMPILER_APPICON_NAME = AppIcon;
				CODE_SIGN_STYLE = Automatic;
				DEVELOPMENT_TEAM = A73XC757VV;
				INFOPLIST_FILE = FloatWindowDemo/Info.plist;
				IPHONEOS_DEPLOYMENT_TARGET = 9.0;
				LD_RUNPATH_SEARCH_PATHS = (
					"$(inherited)",
					"@executable_path/Frameworks",
				);
				PRODUCT_BUNDLE_IDENTIFIER = com.janlion.FloatWindowDemo;
				PRODUCT_NAME = "$(TARGET_NAME)";
				SWIFT_VERSION = 5.0;
				TARGETED_DEVICE_FAMILY = 1;
			};
			name = Release;
		};
/* End XCBuildConfiguration section */

/* Begin XCConfigurationList section */
		278F669F237DBEB8009D9F02 /* Build configuration list for PBXProject "FloatWindowDemo" */ = {
			isa = XCConfigurationList;
			buildConfigurations = (
				278F66B6237DBEB9009D9F02 /* Debug */,
				278F66B7237DBEB9009D9F02 /* Release */,
			);
			defaultConfigurationIsVisible = 0;
			defaultConfigurationName = Release;
		};
		278F66B8237DBEB9009D9F02 /* Build configuration list for PBXNativeTarget "FloatWindowDemo" */ = {
			isa = XCConfigurationList;
			buildConfigurations = (
				278F66B9237DBEB9009D9F02 /* Debug */,
				278F66BA237DBEB9009D9F02 /* Release */,
			);
			defaultConfigurationIsVisible = 0;
			defaultConfigurationName = Release;
		};
/* End XCConfigurationList section */
	};
	rootObject = 278F669C237DBEB8009D9F02 /* Project object */;
}
